
Microsoft Visual Studio Solution File, Format Version 12.00
# Visual Studio Version 16
VisualStudioVersion = 16.0.30804.86
MinimumVisualStudioVersion = 10.0.40219.1
Project("{FAE04EC0-301F-11D3-BF4B-00C04F79EFBC}") = "Authentication", "Authentication\Authentication.csproj", "{4E329C89-62F8-4C76-9C23-49E5BF80445B}"
EndProject
Global
	GlobalSection(SolutionConfigurationPlatforms) = preSolution
		Debug|Any CPU = Debug|Any CPU
		Release|Any CPU = Release|Any CPU
	EndGlobalSection
	GlobalSection(ProjectConfigurationPlatforms) = postSolution
		{4E329C89-62F8-4C76-9C23-49E5BF80445B}.Debug|Any CPU.ActiveCfg = Debug|Any CPU
		{4E329C89-62F8-4C76-9C23-49E5BF80445B}.Debug|Any CPU.Build.0 = Debug|Any CPU
		{4E329C89-62F8-4C76-9C23-49E5BF80445B}.Release|Any CPU.ActiveCfg = Release|Any CPU
		{4E329C89-62F8-4C76-9C23-49E5BF80445B}.Release|Any CPU.Build.0 = Release|Any CPU
	EndGlobalSection
	GlobalSection(SolutionProperties) = preSolution
		HideSolutionNode = FALSE
	EndGlobalSection
	GlobalSection(ExtensibilityGlobals) = postSolution
		SolutionGuid = {050C8E87-8494-4DDF-8ADE-D600E92261B2}
	EndGlobalSection
EndGlobal
